{
  "version": 4,
  "terraform_version": "1.12.2",
  "serial": 4,
  "lineage": "b0989bab-47d0-1d0e-c9e9-19a686483799",
  "outputs": {},
  "resources": [
    {
      "mode": "managed",
      "type": "aws_key_pair",
      "name": "deployer",
      "provider": "provider[\"registry.terraform.io/hashicorp/aws\"]",
      "instances": [
        {
          "schema_version": 1,
          "attributes": {
            "arn": "arn:aws:ec2:ap-south-1:288206953113:key-pair/deployer-key",
            "fingerprint": "5e:ca:e7:b7:56:2c:be:61:a9:40:e6:b4:7f:83:07:8b",
            "id": "deployer-key",
            "key_name": "deployer-key",
            "key_name_prefix": "",
            "key_pair_id": "key-07634f23dbe82e056",
            "key_type": "rsa",
            "public_key": "ssh-rsa AAAAB3NzaC1yc2EAAAADAQABAAACAQCJCf+PVs0yJMD2RasoRUYo6L42kGFdszZFjwzDw4goL/G5d3cB5GG8nusMza28yGWsohHdHJUM+gaFS4suIpz6Lt7cwprDKNxopLKU1tyKIqgJlpJtje9mrB929O/yeKRUe7m5/NTsj25LWQM/diD0JIQwGPLmh/FebEmvPap0MN3eIEntn6ZZn7bz3iCxkV9yAftMp1+W4b7EcGuR44j/OXNsVEkXVU9qmR6I4QOTsOPzyFxCkp8u8kDySNxzF5nPcSQC3LtnHMoXebxBLbqE0kOS9WKvTzI5DPKfTOIMhrINJvG5Pbrke/K3mXL6wwdwMyJ4YiWa3obAdsr2x1bkxcZxLfqrIC+S5dufkqT/QjhrFBvSXmlpss9gDF3dsjM228nYHNvo8UsBcS+re60swIRFymgyFrSjO4G1BV/oiHF4UT2l6hP5j9Mhw7vWCp4QwRhFBQGlh63nunLyqXylRMfTL3oYPt7B49xvMnPOGHualTOz4tvrCVuUoEb56GIAA1b6V5g+1odJKxS26amd2kIyi/2834ZczlLCII3hrfU6+xrdwQX97LBqqe81yHxxjJghWxokz6iL1aaRtMerHObMKw3jNWH3Vy5hGoLZxiU5OdzgDm+ZFZo/v9BOR8BzcBWOm7mCCw5tFfXsv2fGrpHirUf6EuDsU+JL8TNmpQ== justmailtodeepakramachandran@gmail.com",
            "region": "ap-south-1",
            "tags": null,
            "tags_all": {}
          },
          "sensitive_attributes": [],
          "identity_schema_version": 0,
          "private": "eyJzY2hlbWFfdmVyc2lvbiI6IjEifQ=="
        }
      ]
    },
    {
      "mode": "managed",
      "type": "aws_security_group",
      "name": "jenkins_sg",
      "provider": "provider[\"registry.terraform.io/hashicorp/aws\"]",
      "instances": [
        {
          "schema_version": 1,
          "attributes": {
            "arn": "arn:aws:ec2:ap-south-1:288206953113:security-group/sg-0f46cb0e11a18a2e1",
            "description": "Allow HTTP and SSH",
            "egress": [
              {
                "cidr_blocks": [
                  "0.0.0.0/0"
                ],
                "description": "",
                "from_port": 0,
                "ipv6_cidr_blocks": [],
                "prefix_list_ids": [],
                "protocol": "-1",
                "security_groups": [],
                "self": false,
                "to_port": 0
              }
            ],
            "id": "sg-0f46cb0e11a18a2e1",
            "ingress": [
              {
                "cidr_blocks": [
                  "0.0.0.0/0"
                ],
                "description": "",
                "from_port": 22,
                "ipv6_cidr_blocks": [],
                "prefix_list_ids": [],
                "protocol": "tcp",
                "security_groups": [],
                "self": false,
                "to_port": 22
              },
              {
                "cidr_blocks": [
                  "0.0.0.0/0"
                ],
                "description": "",
                "from_port": 3000,
                "ipv6_cidr_blocks": [],
                "prefix_list_ids": [],
                "protocol": "tcp",
                "security_groups": [],
                "self": false,
                "to_port": 3000
              },
              {
                "cidr_blocks": [
                  "0.0.0.0/0"
                ],
                "description": "",
                "from_port": 8080,
                "ipv6_cidr_blocks": [],
                "prefix_list_ids": [],
                "protocol": "tcp",
                "security_groups": [],
                "self": false,
                "to_port": 8080
              }
            ],
            "name": "jenkins-sg",
            "name_prefix": "",
            "owner_id": "288206953113",
            "region": "ap-south-1",
            "revoke_rules_on_delete": false,
            "tags": null,
            "tags_all": {},
            "timeouts": null,
            "vpc_id": "vpc-0bb663d5ececf2d3d"
          },
          "sensitive_attributes": [],
          "identity_schema_version": 0,
          "private": "eyJlMmJmYjczMC1lY2FhLTExZTYtOGY4OC0zNDM2M2JjN2M0YzAiOnsiY3JlYXRlIjo2MDAwMDAwMDAwMDAsImRlbGV0ZSI6OTAwMDAwMDAwMDAwfSwic2NoZW1hX3ZlcnNpb24iOiIxIn0="
        }
      ]
    }
  ],
  "check_results": null
}
